# This file is automatically @generated by Cargo.
# It is not intended for manual editing.
version = 3

[[package]]
name = "pinned-aliasable"
version = "0.1.3"
source = "registry+https://github.com/rust-lang/crates.io-index"
checksum = "5d0f9ae89bf0ed03b69ac1f3f7ea2e6e09b4fa5448011df2e67d581c2b850b7b"

[[package]]
name = "static_assertions"
version = "1.1.0"
source = "registry+https://github.com/rust-lang/crates.io-index"
checksum = "a2eb9349b6444b326872e140eb1cf5e7c522154d69e7a0ffb0fb81c06b37543f"

[[package]]
name = "wakerset"
version = "0.1.0"
dependencies = [
 "pinned-aliasable",
 "static_assertions",
]
